
Microsoft Visual Studio Solution File, Format Version 12.00
# Visual Studio Version 16
VisualStudioVersion = 16.0.31129.286
MinimumVisualStudioVersion = 10.0.40219.1
Project("{FAE04EC0-301F-11D3-BF4B-00C04F79EFBC}") = "P03_FootballBetting", "P03_FootballBetting\P03_FootballBetting.csproj", "{092B63C1-8926-4832-BE64-4596C89E3269}"
EndProject
Project("{FAE04EC0-301F-11D3-BF4B-00C04F79EFBC}") = "P03_FootballBetting.Data", "P03_FootballBetting.Data\P03_FootballBetting.Data.csproj", "{1FE454DD-0003-4FC1-94A4-9F6F91D42A39}"
EndProject
Project("{FAE04EC0-301F-11D3-BF4B-00C04F79EFBC}") = "P03_FootballBetting.Data.Models", "P03_FootballBetting.Data.Models\P03_FootballBetting.Data.Models.csproj", "{5C2C5858-3D59-41AD-8BD8-EE0BD328C8D9}"
EndProject
Global
	GlobalSection(SolutionConfigurationPlatforms) = preSolution
		Debug|Any CPU = Debug|Any CPU
		Release|Any CPU = Release|Any CPU
	EndGlobalSection
	GlobalSection(ProjectConfigurationPlatforms) = postSolution
		{092B63C1-8926-4832-BE64-4596C89E3269}.Debug|Any CPU.ActiveCfg = Debug|Any CPU
		{092B63C1-8926-4832-BE64-4596C89E3269}.Debug|Any CPU.Build.0 = Debug|Any CPU
		{092B63C1-8926-4832-BE64-4596C89E3269}.Release|Any CPU.ActiveCfg = Release|Any CPU
		{092B63C1-8926-4832-BE64-4596C89E3269}.Release|Any CPU.Build.0 = Release|Any CPU
		{1FE454DD-0003-4FC1-94A4-9F6F91D42A39}.Debug|Any CPU.ActiveCfg = Debug|Any CPU
		{1FE454DD-0003-4FC1-94A4-9F6F91D42A39}.Debug|Any CPU.Build.0 = Debug|Any CPU
		{1FE454DD-0003-4FC1-94A4-9F6F91D42A39}.Release|Any CPU.ActiveCfg = Release|Any CPU
		{1FE454DD-0003-4FC1-94A4-9F6F91D42A39}.Release|Any CPU.Build.0 = Release|Any CPU
		{5C2C5858-3D59-41AD-8BD8-EE0BD328C8D9}.Debug|Any CPU.ActiveCfg = Debug|Any CPU
		{5C2C5858-3D59-41AD-8BD8-EE0BD328C8D9}.Debug|Any CPU.Build.0 = Debug|Any CPU
		{5C2C5858-3D59-41AD-8BD8-EE0BD328C8D9}.Release|Any CPU.ActiveCfg = Release|Any CPU
		{5C2C5858-3D59-41AD-8BD8-EE0BD328C8D9}.Release|Any CPU.Build.0 = Release|Any CPU
	EndGlobalSection
	GlobalSection(SolutionProperties) = preSolution
		HideSolutionNode = FALSE
	EndGlobalSection
	GlobalSection(ExtensibilityGlobals) = postSolution
		SolutionGuid = {93AC7092-112E-4FD6-87DB-1A7B4B257526}
	EndGlobalSection
EndGlobal
