
Microsoft Visual Studio Solution File, Format Version 12.00
# Visual Studio Version 16
VisualStudioVersion = 16.0.31129.286
MinimumVisualStudioVersion = 10.0.40219.1
Project("{FAE04EC0-301F-11D3-BF4B-00C04F79EFBC}") = "P01_StudentSystem", "P01_StudentSystem\P01_StudentSystem.csproj", "{C91E2E17-0FBF-41C3-8789-1ED676792416}"
EndProject
Project("{FAE04EC0-301F-11D3-BF4B-00C04F79EFBC}") = "P01_StudentSystem.Data", "P01_StudentSystem.Data\P01_StudentSystem.Data.csproj", "{4AB2F8EE-8800-4D26-84B1-4BF8D66F0861}"
EndProject
Project("{FAE04EC0-301F-11D3-BF4B-00C04F79EFBC}") = "P01_StudentSystem.Data.Models", "P01_StudentSystem.Data.Models\P01_StudentSystem.Data.Models.csproj", "{74CA2BA1-662E-4690-9388-6328A18708B7}"
EndProject
Global
	GlobalSection(SolutionConfigurationPlatforms) = preSolution
		Debug|Any CPU = Debug|Any CPU
		Release|Any CPU = Release|Any CPU
	EndGlobalSection
	GlobalSection(ProjectConfigurationPlatforms) = postSolution
		{C91E2E17-0FBF-41C3-8789-1ED676792416}.Debug|Any CPU.ActiveCfg = Debug|Any CPU
		{C91E2E17-0FBF-41C3-8789-1ED676792416}.Debug|Any CPU.Build.0 = Debug|Any CPU
		{C91E2E17-0FBF-41C3-8789-1ED676792416}.Release|Any CPU.ActiveCfg = Release|Any CPU
		{C91E2E17-0FBF-41C3-8789-1ED676792416}.Release|Any CPU.Build.0 = Release|Any CPU
		{4AB2F8EE-8800-4D26-84B1-4BF8D66F0861}.Debug|Any CPU.ActiveCfg = Debug|Any CPU
		{4AB2F8EE-8800-4D26-84B1-4BF8D66F0861}.Debug|Any CPU.Build.0 = Debug|Any CPU
		{4AB2F8EE-8800-4D26-84B1-4BF8D66F0861}.Release|Any CPU.ActiveCfg = Release|Any CPU
		{4AB2F8EE-8800-4D26-84B1-4BF8D66F0861}.Release|Any CPU.Build.0 = Release|Any CPU
		{74CA2BA1-662E-4690-9388-6328A18708B7}.Debug|Any CPU.ActiveCfg = Debug|Any CPU
		{74CA2BA1-662E-4690-9388-6328A18708B7}.Debug|Any CPU.Build.0 = Debug|Any CPU
		{74CA2BA1-662E-4690-9388-6328A18708B7}.Release|Any CPU.ActiveCfg = Release|Any CPU
		{74CA2BA1-662E-4690-9388-6328A18708B7}.Release|Any CPU.Build.0 = Release|Any CPU
	EndGlobalSection
	GlobalSection(SolutionProperties) = preSolution
		HideSolutionNode = FALSE
	EndGlobalSection
	GlobalSection(ExtensibilityGlobals) = postSolution
		SolutionGuid = {C32B11C2-F14A-43BF-9651-60C52CB99A6C}
	EndGlobalSection
EndGlobal
